
Microsoft Visual Studio Solution File, Format Version 12.00
# Visual Studio 15
VisualStudioVersion = 15.0.28010.2041
MinimumVisualStudioVersion = 10.0.40219.1
Project("{FAE04EC0-301F-11D3-BF4B-00C04F79EFBC}") = "WpfViewbox", "WpfViewbox\WpfViewbox.csproj", "{3375B065-2F3D-452A-8E58-899D5DF5A35A}"
EndProject
Global
	GlobalSection(SolutionConfigurationPlatforms) = preSolution
		Debug|Any CPU = Debug|Any CPU
		Release|Any CPU = Release|Any CPU
	EndGlobalSection
	GlobalSection(ProjectConfigurationPlatforms) = postSolution
		{3375B065-2F3D-452A-8E58-899D5DF5A35A}.Debug|Any CPU.ActiveCfg = Debug|Any CPU
		{3375B065-2F3D-452A-8E58-899D5DF5A35A}.Debug|Any CPU.Build.0 = Debug|Any CPU
		{3375B065-2F3D-452A-8E58-899D5DF5A35A}.Release|Any CPU.ActiveCfg = Release|Any CPU
		{3375B065-2F3D-452A-8E58-899D5DF5A35A}.Release|Any CPU.Build.0 = Release|Any CPU
	EndGlobalSection
	GlobalSection(SolutionProperties) = preSolution
		HideSolutionNode = FALSE
	EndGlobalSection
	GlobalSection(ExtensibilityGlobals) = postSolution
		SolutionGuid = {16A0F9BD-0DEC-4CE1-9047-18B7555A28E0}
	EndGlobalSection
EndGlobal
