
Microsoft Visual Studio Solution File, Format Version 11.00
# Visual Studio 15
Project("{FAE04EC0-301F-11D3-BF4B-00C04F79EFBC}") = "WPFHelpers", "WPFHelpers\WPFHelpers.csproj", "{686216BB-13EF-4CD5-9E5D-741FD660E807}"
EndProject
Project("{2150E333-8FDC-42A3-9474-1A3956D46DE8}") = "VisualLogicalTreeDemos", "VisualLogicalTreeDemos", "{8FEB622D-DBFF-45EC-A8AE-ED3B387CCD35}"
EndProject
Project("{FAE04EC0-301F-11D3-BF4B-00C04F79EFBC}") = "VisualLogicalTreeDemo1", "VisualLogicalTreeDemo1\VisualLogicalTreeDemo1.csproj", "{18B7DEF0-8204-4AE3-B824-EC8B688AA920}"
EndProject
Project("{FAE04EC0-301F-11D3-BF4B-00C04F79EFBC}") = "VisualLogicalTreeDemo2", "VisualLogicalTreeDemo2\VisualLogicalTreeDemo2.csproj", "{8D47C94A-0EF3-4779-8039-4BC8453F938E}"
EndProject
Project("{FAE04EC0-301F-11D3-BF4B-00C04F79EFBC}") = "SnooperLib", "SnooperLib\SnooperLib.csproj", "{EBA34EE6-939C-4194-9097-C2B9A96DEF4B}"
EndProject
Global
	GlobalSection(SolutionConfigurationPlatforms) = preSolution
		Debug|Any CPU = Debug|Any CPU
		Debug|Mixed Platforms = Debug|Mixed Platforms
		Debug|x86 = Debug|x86
		Release|Any CPU = Release|Any CPU
		Release|Mixed Platforms = Release|Mixed Platforms
		Release|x86 = Release|x86
	EndGlobalSection
	GlobalSection(ProjectConfigurationPlatforms) = postSolution
		{686216BB-13EF-4CD5-9E5D-741FD660E807}.Debug|Any CPU.ActiveCfg = Debug|Any CPU
		{686216BB-13EF-4CD5-9E5D-741FD660E807}.Debug|Any CPU.Build.0 = Debug|Any CPU
		{686216BB-13EF-4CD5-9E5D-741FD660E807}.Debug|Mixed Platforms.ActiveCfg = Debug|Any CPU
		{686216BB-13EF-4CD5-9E5D-741FD660E807}.Debug|Mixed Platforms.Build.0 = Debug|Any CPU
		{686216BB-13EF-4CD5-9E5D-741FD660E807}.Debug|x86.ActiveCfg = Debug|Any CPU
		{686216BB-13EF-4CD5-9E5D-741FD660E807}.Release|Any CPU.ActiveCfg = Release|Any CPU
		{686216BB-13EF-4CD5-9E5D-741FD660E807}.Release|Any CPU.Build.0 = Release|Any CPU
		{686216BB-13EF-4CD5-9E5D-741FD660E807}.Release|Mixed Platforms.ActiveCfg = Release|Any CPU
		{686216BB-13EF-4CD5-9E5D-741FD660E807}.Release|Mixed Platforms.Build.0 = Release|Any CPU
		{686216BB-13EF-4CD5-9E5D-741FD660E807}.Release|x86.ActiveCfg = Release|Any CPU
		{18B7DEF0-8204-4AE3-B824-EC8B688AA920}.Debug|Any CPU.ActiveCfg = Debug|x86
		{18B7DEF0-8204-4AE3-B824-EC8B688AA920}.Debug|Mixed Platforms.ActiveCfg = Debug|x86
		{18B7DEF0-8204-4AE3-B824-EC8B688AA920}.Debug|Mixed Platforms.Build.0 = Debug|x86
		{18B7DEF0-8204-4AE3-B824-EC8B688AA920}.Debug|x86.ActiveCfg = Debug|x86
		{18B7DEF0-8204-4AE3-B824-EC8B688AA920}.Debug|x86.Build.0 = Debug|x86
		{18B7DEF0-8204-4AE3-B824-EC8B688AA920}.Release|Any CPU.ActiveCfg = Release|x86
		{18B7DEF0-8204-4AE3-B824-EC8B688AA920}.Release|Mixed Platforms.ActiveCfg = Release|x86
		{18B7DEF0-8204-4AE3-B824-EC8B688AA920}.Release|Mixed Platforms.Build.0 = Release|x86
		{18B7DEF0-8204-4AE3-B824-EC8B688AA920}.Release|x86.ActiveCfg = Release|x86
		{18B7DEF0-8204-4AE3-B824-EC8B688AA920}.Release|x86.Build.0 = Release|x86
		{8D47C94A-0EF3-4779-8039-4BC8453F938E}.Debug|Any CPU.ActiveCfg = Debug|x86
		{8D47C94A-0EF3-4779-8039-4BC8453F938E}.Debug|Mixed Platforms.ActiveCfg = Debug|x86
		{8D47C94A-0EF3-4779-8039-4BC8453F938E}.Debug|Mixed Platforms.Build.0 = Debug|x86
		{8D47C94A-0EF3-4779-8039-4BC8453F938E}.Debug|x86.ActiveCfg = Debug|x86
		{8D47C94A-0EF3-4779-8039-4BC8453F938E}.Debug|x86.Build.0 = Debug|x86
		{8D47C94A-0EF3-4779-8039-4BC8453F938E}.Release|Any CPU.ActiveCfg = Release|x86
		{8D47C94A-0EF3-4779-8039-4BC8453F938E}.Release|Mixed Platforms.ActiveCfg = Release|x86
		{8D47C94A-0EF3-4779-8039-4BC8453F938E}.Release|Mixed Platforms.Build.0 = Release|x86
		{8D47C94A-0EF3-4779-8039-4BC8453F938E}.Release|x86.ActiveCfg = Release|x86
		{8D47C94A-0EF3-4779-8039-4BC8453F938E}.Release|x86.Build.0 = Release|x86
		{EBA34EE6-939C-4194-9097-C2B9A96DEF4B}.Debug|Any CPU.ActiveCfg = Debug|Any CPU
		{EBA34EE6-939C-4194-9097-C2B9A96DEF4B}.Debug|Any CPU.Build.0 = Debug|Any CPU
		{EBA34EE6-939C-4194-9097-C2B9A96DEF4B}.Debug|Mixed Platforms.ActiveCfg = Debug|Any CPU
		{EBA34EE6-939C-4194-9097-C2B9A96DEF4B}.Debug|Mixed Platforms.Build.0 = Debug|Any CPU
		{EBA34EE6-939C-4194-9097-C2B9A96DEF4B}.Debug|x86.ActiveCfg = Debug|Any CPU
		{EBA34EE6-939C-4194-9097-C2B9A96DEF4B}.Release|Any CPU.ActiveCfg = Release|Any CPU
		{EBA34EE6-939C-4194-9097-C2B9A96DEF4B}.Release|Any CPU.Build.0 = Release|Any CPU
		{EBA34EE6-939C-4194-9097-C2B9A96DEF4B}.Release|Mixed Platforms.ActiveCfg = Release|Any CPU
		{EBA34EE6-939C-4194-9097-C2B9A96DEF4B}.Release|Mixed Platforms.Build.0 = Release|Any CPU
		{EBA34EE6-939C-4194-9097-C2B9A96DEF4B}.Release|x86.ActiveCfg = Release|Any CPU
	EndGlobalSection
	GlobalSection(SolutionProperties) = preSolution
		HideSolutionNode = FALSE
	EndGlobalSection
	GlobalSection(NestedProjects) = preSolution
		{686216BB-13EF-4CD5-9E5D-741FD660E807} = {8FEB622D-DBFF-45EC-A8AE-ED3B387CCD35}
		{18B7DEF0-8204-4AE3-B824-EC8B688AA920} = {8FEB622D-DBFF-45EC-A8AE-ED3B387CCD35}
		{8D47C94A-0EF3-4779-8039-4BC8453F938E} = {8FEB622D-DBFF-45EC-A8AE-ED3B387CCD35}
	EndGlobalSection
EndGlobal
