
Microsoft Visual Studio Solution File, Format Version 11.00
# Visual Studio 15
Project("{FAE04EC0-301F-11D3-BF4B-00C04F79EFBC}") = "WpfControls", "WpfControls\WpfControls.csproj", "{40F6034B-5568-42CD-ACE2-B1773F901A89}"
EndProject
Project("{FAE04EC0-301F-11D3-BF4B-00C04F79EFBC}") = "WpfLocalizationLocBaml", "WpfLocalizationLocBaml\WpfLocalizationLocBaml.csproj", "{80C6256F-A46F-483E-B170-1C5931751CA4}"
EndProject
Project("{FAE04EC0-301F-11D3-BF4B-00C04F79EFBC}") = "WpfLocalizationResx", "WpfLocalizationResx\WpfLocalizationResx.csproj", "{C3DEBC43-F404-49AC-BCC1-D2E834E3BFAF}"
EndProject
Global
	GlobalSection(SolutionConfigurationPlatforms) = preSolution
		Debug|Any CPU = Debug|Any CPU
		DemoMode|Any CPU = DemoMode|Any CPU
		Release|Any CPU = Release|Any CPU
		Shareware|Any CPU = Shareware|Any CPU
	EndGlobalSection
	GlobalSection(ProjectConfigurationPlatforms) = postSolution
		{40F6034B-5568-42CD-ACE2-B1773F901A89}.Debug|Any CPU.ActiveCfg = Debug|Any CPU
		{40F6034B-5568-42CD-ACE2-B1773F901A89}.Debug|Any CPU.Build.0 = Debug|Any CPU
		{40F6034B-5568-42CD-ACE2-B1773F901A89}.DemoMode|Any CPU.ActiveCfg = Debug|Any CPU
		{40F6034B-5568-42CD-ACE2-B1773F901A89}.DemoMode|Any CPU.Build.0 = Debug|Any CPU
		{40F6034B-5568-42CD-ACE2-B1773F901A89}.Release|Any CPU.ActiveCfg = Release|Any CPU
		{40F6034B-5568-42CD-ACE2-B1773F901A89}.Release|Any CPU.Build.0 = Release|Any CPU
		{40F6034B-5568-42CD-ACE2-B1773F901A89}.Shareware|Any CPU.ActiveCfg = Release|Any CPU
		{80C6256F-A46F-483E-B170-1C5931751CA4}.Debug|Any CPU.ActiveCfg = Debug|Any CPU
		{80C6256F-A46F-483E-B170-1C5931751CA4}.Debug|Any CPU.Build.0 = Debug|Any CPU
		{80C6256F-A46F-483E-B170-1C5931751CA4}.DemoMode|Any CPU.ActiveCfg = Debug|Any CPU
		{80C6256F-A46F-483E-B170-1C5931751CA4}.DemoMode|Any CPU.Build.0 = Debug|Any CPU
		{80C6256F-A46F-483E-B170-1C5931751CA4}.Release|Any CPU.ActiveCfg = Release|Any CPU
		{80C6256F-A46F-483E-B170-1C5931751CA4}.Release|Any CPU.Build.0 = Release|Any CPU
		{80C6256F-A46F-483E-B170-1C5931751CA4}.Shareware|Any CPU.ActiveCfg = Release|Any CPU
		{80C6256F-A46F-483E-B170-1C5931751CA4}.Shareware|Any CPU.Build.0 = Release|Any CPU
		{C3DEBC43-F404-49AC-BCC1-D2E834E3BFAF}.Debug|Any CPU.ActiveCfg = Debug|Any CPU
		{C3DEBC43-F404-49AC-BCC1-D2E834E3BFAF}.Debug|Any CPU.Build.0 = Debug|Any CPU
		{C3DEBC43-F404-49AC-BCC1-D2E834E3BFAF}.DemoMode|Any CPU.ActiveCfg = Debug|Any CPU
		{C3DEBC43-F404-49AC-BCC1-D2E834E3BFAF}.DemoMode|Any CPU.Build.0 = Debug|Any CPU
		{C3DEBC43-F404-49AC-BCC1-D2E834E3BFAF}.Release|Any CPU.ActiveCfg = Release|Any CPU
		{C3DEBC43-F404-49AC-BCC1-D2E834E3BFAF}.Release|Any CPU.Build.0 = Release|Any CPU
		{C3DEBC43-F404-49AC-BCC1-D2E834E3BFAF}.Shareware|Any CPU.ActiveCfg = Release|Any CPU
		{C3DEBC43-F404-49AC-BCC1-D2E834E3BFAF}.Shareware|Any CPU.Build.0 = Release|Any CPU
	EndGlobalSection
	GlobalSection(SolutionProperties) = preSolution
		HideSolutionNode = FALSE
	EndGlobalSection
EndGlobal
