
Microsoft Visual Studio Solution File, Format Version 12.00
# Visual Studio 15
VisualStudioVersion = 15.0.28010.2041
MinimumVisualStudioVersion = 10.0.40219.1
Project("{FAE04EC0-301F-11D3-BF4B-00C04F79EFBC}") = "CanvasDoesNotClipChildElements", "CanvasDoesNotClipChildElements\CanvasDoesNotClipChildElements.csproj", "{71D4EA36-26D7-4C0B-ADE5-FC862F6F50B1}"
EndProject
Project("{FAE04EC0-301F-11D3-BF4B-00C04F79EFBC}") = "WpfClipToBounds", "WpfClipToBounds\WpfClipToBounds.csproj", "{135E30AE-D3E6-485B-B9EA-2B77BEAA381D}"
EndProject
Global
	GlobalSection(SolutionConfigurationPlatforms) = preSolution
		Debug|Any CPU = Debug|Any CPU
		Release|Any CPU = Release|Any CPU
	EndGlobalSection
	GlobalSection(ProjectConfigurationPlatforms) = postSolution
		{71D4EA36-26D7-4C0B-ADE5-FC862F6F50B1}.Debug|Any CPU.ActiveCfg = Debug|Any CPU
		{71D4EA36-26D7-4C0B-ADE5-FC862F6F50B1}.Debug|Any CPU.Build.0 = Debug|Any CPU
		{71D4EA36-26D7-4C0B-ADE5-FC862F6F50B1}.Release|Any CPU.ActiveCfg = Release|Any CPU
		{71D4EA36-26D7-4C0B-ADE5-FC862F6F50B1}.Release|Any CPU.Build.0 = Release|Any CPU
		{135E30AE-D3E6-485B-B9EA-2B77BEAA381D}.Debug|Any CPU.ActiveCfg = Debug|Any CPU
		{135E30AE-D3E6-485B-B9EA-2B77BEAA381D}.Debug|Any CPU.Build.0 = Debug|Any CPU
		{135E30AE-D3E6-485B-B9EA-2B77BEAA381D}.Release|Any CPU.ActiveCfg = Release|Any CPU
		{135E30AE-D3E6-485B-B9EA-2B77BEAA381D}.Release|Any CPU.Build.0 = Release|Any CPU
	EndGlobalSection
	GlobalSection(SolutionProperties) = preSolution
		HideSolutionNode = FALSE
	EndGlobalSection
	GlobalSection(ExtensibilityGlobals) = postSolution
		SolutionGuid = {D1D013F7-7722-4041-8B11-28FBF37ED268}
	EndGlobalSection
EndGlobal
