
Microsoft Visual Studio Solution File, Format Version 10.00
# Visual Studio 15
Project("{FAE04EC0-301F-11D3-BF4B-00C04F79EFBC}") = "RoutedClickEventImpl", "RoutedClickEventImpl.csproj", "{D5D84F97-8887-42A3-B699-53B67EE5F0A9}"
EndProject
Global
	GlobalSection(SolutionConfigurationPlatforms) = preSolution
		Debug|Any CPU = Debug|Any CPU
		Release|Any CPU = Release|Any CPU
	EndGlobalSection
	GlobalSection(ProjectConfigurationPlatforms) = postSolution
		{D5D84F97-8887-42A3-B699-53B67EE5F0A9}.Debug|Any CPU.ActiveCfg = Debug|Any CPU
		{D5D84F97-8887-42A3-B699-53B67EE5F0A9}.Debug|Any CPU.Build.0 = Debug|Any CPU
		{D5D84F97-8887-42A3-B699-53B67EE5F0A9}.Release|Any CPU.ActiveCfg = Release|Any CPU
		{D5D84F97-8887-42A3-B699-53B67EE5F0A9}.Release|Any CPU.Build.0 = Release|Any CPU
	EndGlobalSection
	GlobalSection(SolutionProperties) = preSolution
		HideSolutionNode = FALSE
	EndGlobalSection
EndGlobal
