
Microsoft Visual Studio Solution File, Format Version 12.00
# Visual Studio 15
VisualStudioVersion = 15.0.28010.2041
MinimumVisualStudioVersion = 10.0.40219.1
Project("{FAE04EC0-301F-11D3-BF4B-00C04F79EFBC}") = "WpfMarkupExtensions", "WpfMarkupExtensions\WpfMarkupExtensions.csproj", "{423D33DC-E10A-4EF6-90A4-B1F7EC3C95F1}"
EndProject
Project("{FAE04EC0-301F-11D3-BF4B-00C04F79EFBC}") = "HSR.ProjectX.Controls", "HSR.ProjectX.Controls\HSR.ProjectX.Controls.csproj", "{C6A9834D-AC06-4749-B419-289AC7C90380}"
EndProject
Global
	GlobalSection(SolutionConfigurationPlatforms) = preSolution
		Debug|Any CPU = Debug|Any CPU
		Release|Any CPU = Release|Any CPU
	EndGlobalSection
	GlobalSection(ProjectConfigurationPlatforms) = postSolution
		{423D33DC-E10A-4EF6-90A4-B1F7EC3C95F1}.Debug|Any CPU.ActiveCfg = Debug|Any CPU
		{423D33DC-E10A-4EF6-90A4-B1F7EC3C95F1}.Debug|Any CPU.Build.0 = Debug|Any CPU
		{423D33DC-E10A-4EF6-90A4-B1F7EC3C95F1}.Release|Any CPU.ActiveCfg = Release|Any CPU
		{423D33DC-E10A-4EF6-90A4-B1F7EC3C95F1}.Release|Any CPU.Build.0 = Release|Any CPU
		{C6A9834D-AC06-4749-B419-289AC7C90380}.Debug|Any CPU.ActiveCfg = Debug|Any CPU
		{C6A9834D-AC06-4749-B419-289AC7C90380}.Debug|Any CPU.Build.0 = Debug|Any CPU
		{C6A9834D-AC06-4749-B419-289AC7C90380}.Release|Any CPU.ActiveCfg = Release|Any CPU
		{C6A9834D-AC06-4749-B419-289AC7C90380}.Release|Any CPU.Build.0 = Release|Any CPU
	EndGlobalSection
	GlobalSection(SolutionProperties) = preSolution
		HideSolutionNode = FALSE
	EndGlobalSection
	GlobalSection(ExtensibilityGlobals) = postSolution
		SolutionGuid = {C751B2B9-A592-47BB-85FF-10FBD2D82CF5}
	EndGlobalSection
EndGlobal
