
Microsoft Visual Studio Solution File, Format Version 12.00
# Visual Studio Version 16
VisualStudioVersion = 16.0.29411.108
MinimumVisualStudioVersion = 10.0.40219.1
Project("{FAE04EC0-301F-11D3-BF4B-00C04F79EFBC}") = "WpfAlignments", "WpfAlignments\WpfAlignments.csproj", "{1B917665-ECAB-44F2-9140-82E0C96565F9}"
EndProject
Global
	GlobalSection(SolutionConfigurationPlatforms) = preSolution
		Debug|Any CPU = Debug|Any CPU
		Release|Any CPU = Release|Any CPU
	EndGlobalSection
	GlobalSection(ProjectConfigurationPlatforms) = postSolution
		{1B917665-ECAB-44F2-9140-82E0C96565F9}.Debug|Any CPU.ActiveCfg = Debug|Any CPU
		{1B917665-ECAB-44F2-9140-82E0C96565F9}.Debug|Any CPU.Build.0 = Debug|Any CPU
		{1B917665-ECAB-44F2-9140-82E0C96565F9}.Release|Any CPU.ActiveCfg = Release|Any CPU
		{1B917665-ECAB-44F2-9140-82E0C96565F9}.Release|Any CPU.Build.0 = Release|Any CPU
	EndGlobalSection
	GlobalSection(SolutionProperties) = preSolution
		HideSolutionNode = FALSE
	EndGlobalSection
	GlobalSection(ExtensibilityGlobals) = postSolution
		SolutionGuid = {C537218B-9960-40EA-A928-668AC550E4A6}
	EndGlobalSection
EndGlobal
