
Microsoft Visual Studio Solution File, Format Version 12.00
# Visual Studio 15
VisualStudioVersion = 15.0.28010.2016
MinimumVisualStudioVersion = 10.0.40219.1
Project("{FAE04EC0-301F-11D3-BF4B-00C04F79EFBC}") = "WpfMultilingual", "WpfMultilingual\WpfMultilingual.csproj", "{2D08B6AE-841A-46FB-9A0F-DC0C3B39586C}"
EndProject
Global
	GlobalSection(SolutionConfigurationPlatforms) = preSolution
		Debug|Any CPU = Debug|Any CPU
		Release|Any CPU = Release|Any CPU
	EndGlobalSection
	GlobalSection(ProjectConfigurationPlatforms) = postSolution
		{2D08B6AE-841A-46FB-9A0F-DC0C3B39586C}.Debug|Any CPU.ActiveCfg = Debug|Any CPU
		{2D08B6AE-841A-46FB-9A0F-DC0C3B39586C}.Debug|Any CPU.Build.0 = Debug|Any CPU
		{2D08B6AE-841A-46FB-9A0F-DC0C3B39586C}.Release|Any CPU.ActiveCfg = Release|Any CPU
		{2D08B6AE-841A-46FB-9A0F-DC0C3B39586C}.Release|Any CPU.Build.0 = Release|Any CPU
	EndGlobalSection
	GlobalSection(SolutionProperties) = preSolution
		HideSolutionNode = FALSE
	EndGlobalSection
	GlobalSection(ExtensibilityGlobals) = postSolution
		SolutionGuid = {D122082D-2031-48CB-A931-25144315C950}
	EndGlobalSection
EndGlobal
