
Microsoft Visual Studio Solution File, Format Version 12.00
# Visual Studio Version 16
VisualStudioVersion = 16.0.29411.108
MinimumVisualStudioVersion = 10.0.40219.1
Project("{FAE04EC0-301F-11D3-BF4B-00C04F79EFBC}") = "01-ExplicitStyles", "01-ExplicitStyles\01-ExplicitStyles.csproj", "{AEDAC9F6-506B-4678-BDF5-6C9EF928437B}"
EndProject
Project("{FAE04EC0-301F-11D3-BF4B-00C04F79EFBC}") = "02-CascadingStyles", "02-CascadingStyles\02-CascadingStyles.csproj", "{D59FECEE-58AD-4499-ADD8-58690422B0C2}"
EndProject
Project("{FAE04EC0-301F-11D3-BF4B-00C04F79EFBC}") = "04-EventSetter", "04-EventSetter\04-EventSetter.csproj", "{72C24C31-12E6-4B19-9CC8-6E58E83790CF}"
EndProject
Project("{FAE04EC0-301F-11D3-BF4B-00C04F79EFBC}") = "05-Triggers", "05-Triggers\05-Triggers.csproj", "{774AB9F3-B8E0-404A-8DF2-9DE345EBBBB2}"
EndProject
Project("{FAE04EC0-301F-11D3-BF4B-00C04F79EFBC}") = "06-AlternatingList", "06-AlternatingList\06-AlternatingList.csproj", "{8E6D4DBF-2CF9-4E12-8E31-1C9779EBD053}"
EndProject
Project("{FAE04EC0-301F-11D3-BF4B-00C04F79EFBC}") = "07-StyleKey", "07-StyleKey\07-StyleKey.csproj", "{4179A5A9-C455-44F6-8289-49CA0E220DBF}"
EndProject
Project("{FAE04EC0-301F-11D3-BF4B-00C04F79EFBC}") = "08-ShapedButtonTemplate", "08-ShapedButtonTemplate\08-ShapedButtonTemplate.csproj", "{83D09FC9-2E10-4204-BFEC-9EF4AFE41657}"
EndProject
Project("{FAE04EC0-301F-11D3-BF4B-00C04F79EFBC}") = "09-SkinnableApp", "SkinnableApp\SkinnableApp\09-SkinnableApp.csproj", "{4166B1E0-0EEA-4D30-B546-25314F76D149}"
EndProject
Project("{FAE04EC0-301F-11D3-BF4B-00C04F79EFBC}") = "03-ImplicitStyles", "03-ImplicitStyles\03-ImplicitStyles.csproj", "{09BEC6C2-9BBB-4F83-BD17-2A897BFA3159}"
EndProject
Project("{FAE04EC0-301F-11D3-BF4B-00C04F79EFBC}") = "SystemColors", "SystemColors\SystemColors.csproj", "{29B97F6D-954B-4ECA-A222-F89F4D88FB64}"
EndProject
Project("{FAE04EC0-301F-11D3-BF4B-00C04F79EFBC}") = "10-ButtonControlTemplate", "10-ButtonControlTemplate\10-ButtonControlTemplate.csproj", "{0C717EDE-1EA7-4582-AA8D-158B6A4E714D}"
EndProject
Project("{FAE04EC0-301F-11D3-BF4B-00C04F79EFBC}") = "11-MahAppsDemo", "11-MahAppsDemo\11-MahAppsDemo.csproj", "{2F6A20E9-5B40-4A84-9DE8-235D8118B9DF}"
EndProject
Global
	GlobalSection(SolutionConfigurationPlatforms) = preSolution
		Debug|Any CPU = Debug|Any CPU
		Release|Any CPU = Release|Any CPU
	EndGlobalSection
	GlobalSection(ProjectConfigurationPlatforms) = postSolution
		{AEDAC9F6-506B-4678-BDF5-6C9EF928437B}.Debug|Any CPU.ActiveCfg = Debug|Any CPU
		{AEDAC9F6-506B-4678-BDF5-6C9EF928437B}.Debug|Any CPU.Build.0 = Debug|Any CPU
		{AEDAC9F6-506B-4678-BDF5-6C9EF928437B}.Release|Any CPU.ActiveCfg = Release|Any CPU
		{AEDAC9F6-506B-4678-BDF5-6C9EF928437B}.Release|Any CPU.Build.0 = Release|Any CPU
		{D59FECEE-58AD-4499-ADD8-58690422B0C2}.Debug|Any CPU.ActiveCfg = Debug|Any CPU
		{D59FECEE-58AD-4499-ADD8-58690422B0C2}.Debug|Any CPU.Build.0 = Debug|Any CPU
		{D59FECEE-58AD-4499-ADD8-58690422B0C2}.Release|Any CPU.ActiveCfg = Release|Any CPU
		{D59FECEE-58AD-4499-ADD8-58690422B0C2}.Release|Any CPU.Build.0 = Release|Any CPU
		{72C24C31-12E6-4B19-9CC8-6E58E83790CF}.Debug|Any CPU.ActiveCfg = Debug|Any CPU
		{72C24C31-12E6-4B19-9CC8-6E58E83790CF}.Debug|Any CPU.Build.0 = Debug|Any CPU
		{72C24C31-12E6-4B19-9CC8-6E58E83790CF}.Release|Any CPU.ActiveCfg = Release|Any CPU
		{72C24C31-12E6-4B19-9CC8-6E58E83790CF}.Release|Any CPU.Build.0 = Release|Any CPU
		{774AB9F3-B8E0-404A-8DF2-9DE345EBBBB2}.Debug|Any CPU.ActiveCfg = Debug|Any CPU
		{774AB9F3-B8E0-404A-8DF2-9DE345EBBBB2}.Debug|Any CPU.Build.0 = Debug|Any CPU
		{774AB9F3-B8E0-404A-8DF2-9DE345EBBBB2}.Release|Any CPU.ActiveCfg = Release|Any CPU
		{774AB9F3-B8E0-404A-8DF2-9DE345EBBBB2}.Release|Any CPU.Build.0 = Release|Any CPU
		{8E6D4DBF-2CF9-4E12-8E31-1C9779EBD053}.Debug|Any CPU.ActiveCfg = Debug|Any CPU
		{8E6D4DBF-2CF9-4E12-8E31-1C9779EBD053}.Debug|Any CPU.Build.0 = Debug|Any CPU
		{8E6D4DBF-2CF9-4E12-8E31-1C9779EBD053}.Release|Any CPU.ActiveCfg = Release|Any CPU
		{8E6D4DBF-2CF9-4E12-8E31-1C9779EBD053}.Release|Any CPU.Build.0 = Release|Any CPU
		{4179A5A9-C455-44F6-8289-49CA0E220DBF}.Debug|Any CPU.ActiveCfg = Debug|Any CPU
		{4179A5A9-C455-44F6-8289-49CA0E220DBF}.Debug|Any CPU.Build.0 = Debug|Any CPU
		{4179A5A9-C455-44F6-8289-49CA0E220DBF}.Release|Any CPU.ActiveCfg = Release|Any CPU
		{4179A5A9-C455-44F6-8289-49CA0E220DBF}.Release|Any CPU.Build.0 = Release|Any CPU
		{83D09FC9-2E10-4204-BFEC-9EF4AFE41657}.Debug|Any CPU.ActiveCfg = Debug|Any CPU
		{83D09FC9-2E10-4204-BFEC-9EF4AFE41657}.Debug|Any CPU.Build.0 = Debug|Any CPU
		{83D09FC9-2E10-4204-BFEC-9EF4AFE41657}.Release|Any CPU.ActiveCfg = Release|Any CPU
		{83D09FC9-2E10-4204-BFEC-9EF4AFE41657}.Release|Any CPU.Build.0 = Release|Any CPU
		{4166B1E0-0EEA-4D30-B546-25314F76D149}.Debug|Any CPU.ActiveCfg = Debug|Any CPU
		{4166B1E0-0EEA-4D30-B546-25314F76D149}.Debug|Any CPU.Build.0 = Debug|Any CPU
		{4166B1E0-0EEA-4D30-B546-25314F76D149}.Release|Any CPU.ActiveCfg = Release|Any CPU
		{4166B1E0-0EEA-4D30-B546-25314F76D149}.Release|Any CPU.Build.0 = Release|Any CPU
		{09BEC6C2-9BBB-4F83-BD17-2A897BFA3159}.Debug|Any CPU.ActiveCfg = Debug|Any CPU
		{09BEC6C2-9BBB-4F83-BD17-2A897BFA3159}.Debug|Any CPU.Build.0 = Debug|Any CPU
		{09BEC6C2-9BBB-4F83-BD17-2A897BFA3159}.Release|Any CPU.ActiveCfg = Release|Any CPU
		{09BEC6C2-9BBB-4F83-BD17-2A897BFA3159}.Release|Any CPU.Build.0 = Release|Any CPU
		{29B97F6D-954B-4ECA-A222-F89F4D88FB64}.Debug|Any CPU.ActiveCfg = Debug|Any CPU
		{29B97F6D-954B-4ECA-A222-F89F4D88FB64}.Debug|Any CPU.Build.0 = Debug|Any CPU
		{29B97F6D-954B-4ECA-A222-F89F4D88FB64}.Release|Any CPU.ActiveCfg = Release|Any CPU
		{29B97F6D-954B-4ECA-A222-F89F4D88FB64}.Release|Any CPU.Build.0 = Release|Any CPU
		{0C717EDE-1EA7-4582-AA8D-158B6A4E714D}.Debug|Any CPU.ActiveCfg = Debug|Any CPU
		{0C717EDE-1EA7-4582-AA8D-158B6A4E714D}.Debug|Any CPU.Build.0 = Debug|Any CPU
		{0C717EDE-1EA7-4582-AA8D-158B6A4E714D}.Release|Any CPU.ActiveCfg = Release|Any CPU
		{0C717EDE-1EA7-4582-AA8D-158B6A4E714D}.Release|Any CPU.Build.0 = Release|Any CPU
		{2F6A20E9-5B40-4A84-9DE8-235D8118B9DF}.Debug|Any CPU.ActiveCfg = Debug|Any CPU
		{2F6A20E9-5B40-4A84-9DE8-235D8118B9DF}.Debug|Any CPU.Build.0 = Debug|Any CPU
		{2F6A20E9-5B40-4A84-9DE8-235D8118B9DF}.Release|Any CPU.ActiveCfg = Release|Any CPU
		{2F6A20E9-5B40-4A84-9DE8-235D8118B9DF}.Release|Any CPU.Build.0 = Release|Any CPU
	EndGlobalSection
	GlobalSection(SolutionProperties) = preSolution
		HideSolutionNode = FALSE
	EndGlobalSection
	GlobalSection(ExtensibilityGlobals) = postSolution
		SolutionGuid = {11183C64-341D-46CF-B196-DC0C961571A5}
	EndGlobalSection
EndGlobal
