
Microsoft Visual Studio Solution File, Format Version 12.00
# Visual Studio Version 17
VisualStudioVersion = 17.7.34202.233
MinimumVisualStudioVersion = 10.0.40219.1
Project("{FAE04EC0-301F-11D3-BF4B-00C04F79EFBC}") = "RoutedEvents", "routedEvents\RoutedEvents.csproj", "{5FA423BA-9126-4DAC-A400-3F38CEE20A03}"
EndProject
Project("{FAE04EC0-301F-11D3-BF4B-00C04F79EFBC}") = "WPFHelpers", "WPFHelpers\WPFHelpers.csproj", "{686216BB-13EF-4CD5-9E5D-741FD660E807}"
EndProject
Project("{FAE04EC0-301F-11D3-BF4B-00C04F79EFBC}") = "RoutedEventAddDemo", "RoutedEventsAdditionalDemos\RoutedEventAddDemo.csproj", "{63C2196A-B88B-45C5-9F34-EF80E4176322}"
EndProject
Project("{FAE04EC0-301F-11D3-BF4B-00C04F79EFBC}") = "RoutedClickEventImplXAML", "RoutedClickEventXAML\RoutedClickEventImplXAML.csproj", "{D5D84F97-8887-42A3-B699-53B67EE5F0A9}"
EndProject
Project("{FAE04EC0-301F-11D3-BF4B-00C04F79EFBC}") = "SnooperLib", "SnooperLib\SnooperLib.csproj", "{EBA34EE6-939C-4194-9097-C2B9A96DEF4B}"
EndProject
Project("{FAE04EC0-301F-11D3-BF4B-00C04F79EFBC}") = "RoutedEventsSimple", "RoutedEventsSimple\RoutedEventsSimple.csproj", "{EB86963C-C6DB-45AD-8E9B-2FECE4499B58}"
EndProject
Project("{FAE04EC0-301F-11D3-BF4B-00C04F79EFBC}") = "RoutedEventsHandled", "RoutedEventsHandled\RoutedEventsHandled.csproj", "{90DBB6E5-A011-4CD8-916C-920E2AFB2643}"
EndProject
Global
	GlobalSection(SolutionConfigurationPlatforms) = preSolution
		Debug|Any CPU = Debug|Any CPU
		Release|Any CPU = Release|Any CPU
	EndGlobalSection
	GlobalSection(ProjectConfigurationPlatforms) = postSolution
		{5FA423BA-9126-4DAC-A400-3F38CEE20A03}.Debug|Any CPU.ActiveCfg = Debug|Any CPU
		{5FA423BA-9126-4DAC-A400-3F38CEE20A03}.Debug|Any CPU.Build.0 = Debug|Any CPU
		{5FA423BA-9126-4DAC-A400-3F38CEE20A03}.Release|Any CPU.ActiveCfg = Release|Any CPU
		{5FA423BA-9126-4DAC-A400-3F38CEE20A03}.Release|Any CPU.Build.0 = Release|Any CPU
		{686216BB-13EF-4CD5-9E5D-741FD660E807}.Debug|Any CPU.ActiveCfg = Debug|Any CPU
		{686216BB-13EF-4CD5-9E5D-741FD660E807}.Debug|Any CPU.Build.0 = Debug|Any CPU
		{686216BB-13EF-4CD5-9E5D-741FD660E807}.Release|Any CPU.ActiveCfg = Release|Any CPU
		{686216BB-13EF-4CD5-9E5D-741FD660E807}.Release|Any CPU.Build.0 = Release|Any CPU
		{63C2196A-B88B-45C5-9F34-EF80E4176322}.Debug|Any CPU.ActiveCfg = Debug|Any CPU
		{63C2196A-B88B-45C5-9F34-EF80E4176322}.Debug|Any CPU.Build.0 = Debug|Any CPU
		{63C2196A-B88B-45C5-9F34-EF80E4176322}.Release|Any CPU.ActiveCfg = Release|Any CPU
		{63C2196A-B88B-45C5-9F34-EF80E4176322}.Release|Any CPU.Build.0 = Release|Any CPU
		{D5D84F97-8887-42A3-B699-53B67EE5F0A9}.Debug|Any CPU.ActiveCfg = Debug|Any CPU
		{D5D84F97-8887-42A3-B699-53B67EE5F0A9}.Debug|Any CPU.Build.0 = Debug|Any CPU
		{D5D84F97-8887-42A3-B699-53B67EE5F0A9}.Release|Any CPU.ActiveCfg = Release|Any CPU
		{D5D84F97-8887-42A3-B699-53B67EE5F0A9}.Release|Any CPU.Build.0 = Release|Any CPU
		{EBA34EE6-939C-4194-9097-C2B9A96DEF4B}.Debug|Any CPU.ActiveCfg = Debug|Any CPU
		{EBA34EE6-939C-4194-9097-C2B9A96DEF4B}.Debug|Any CPU.Build.0 = Debug|Any CPU
		{EBA34EE6-939C-4194-9097-C2B9A96DEF4B}.Release|Any CPU.ActiveCfg = Release|Any CPU
		{EBA34EE6-939C-4194-9097-C2B9A96DEF4B}.Release|Any CPU.Build.0 = Release|Any CPU
		{EB86963C-C6DB-45AD-8E9B-2FECE4499B58}.Debug|Any CPU.ActiveCfg = Debug|Any CPU
		{EB86963C-C6DB-45AD-8E9B-2FECE4499B58}.Debug|Any CPU.Build.0 = Debug|Any CPU
		{EB86963C-C6DB-45AD-8E9B-2FECE4499B58}.Release|Any CPU.ActiveCfg = Release|Any CPU
		{EB86963C-C6DB-45AD-8E9B-2FECE4499B58}.Release|Any CPU.Build.0 = Release|Any CPU
		{90DBB6E5-A011-4CD8-916C-920E2AFB2643}.Debug|Any CPU.ActiveCfg = Debug|Any CPU
		{90DBB6E5-A011-4CD8-916C-920E2AFB2643}.Debug|Any CPU.Build.0 = Debug|Any CPU
		{90DBB6E5-A011-4CD8-916C-920E2AFB2643}.Release|Any CPU.ActiveCfg = Release|Any CPU
		{90DBB6E5-A011-4CD8-916C-920E2AFB2643}.Release|Any CPU.Build.0 = Release|Any CPU
	EndGlobalSection
	GlobalSection(SolutionProperties) = preSolution
		HideSolutionNode = FALSE
	EndGlobalSection
	GlobalSection(ExtensibilityGlobals) = postSolution
		SolutionGuid = {7EDA5730-5495-480E-A41C-3ABAA2F438DC}
	EndGlobalSection
EndGlobal
